
Microsoft Visual Studio Solution File, Format Version 12.00
# Visual Studio Version 17
VisualStudioVersion = 17.0.31903.59
MinimumVisualStudioVersion = 10.0.40219.1
Project("{FAE04EC0-301F-11D3-BF4B-00C04F79EFBC}") = "Demtists", "Demtists\Demtists.csproj", "{00C864D6-3558-4E1E-92F1-142F4D32EA1B}"
EndProject
Global
	GlobalSection(SolutionConfigurationPlatforms) = preSolution
		Debug|Any CPU = Debug|Any CPU
		Release|Any CPU = Release|Any CPU
	EndGlobalSection
	GlobalSection(SolutionProperties) = preSolution
		HideSolutionNode = FALSE
	EndGlobalSection
	GlobalSection(ProjectConfigurationPlatforms) = postSolution
		{00C864D6-3558-4E1E-92F1-142F4D32EA1B}.Debug|Any CPU.ActiveCfg = Debug|Any CPU
		{00C864D6-3558-4E1E-92F1-142F4D32EA1B}.Debug|Any CPU.Build.0 = Debug|Any CPU
		{00C864D6-3558-4E1E-92F1-142F4D32EA1B}.Release|Any CPU.ActiveCfg = Release|Any CPU
		{00C864D6-3558-4E1E-92F1-142F4D32EA1B}.Release|Any CPU.Build.0 = Release|Any CPU
	EndGlobalSection
EndGlobal
